// !$*UTF8*$!
{
	archiveVersion = 1;
	classes = {
	};
	objectVersion = 46;
	objects = {

/* Begin PBXBuildFile section */
		4D6A46781A9AE8A8007F6697 /* arrow.png in Resources */ = {isa = PBXBuildFile; fileRef = 4D6A46771A9AE8A8007F6697 /* arrow.png */; };
		4D778FB91A93EEE300A1F48E /* main.m in Sources */ = {isa = PBXBuildFile; fileRef = 4D778FB81A93EEE300A1F48E /* main.m */; };
		4D778FBC1A93EEE300A1F48E /* AppDelegate.m in Sources */ = {isa = PBXBuildFile; fileRef = 4D778FBB1A93EEE300A1F48E /* AppDelegate.m */; };
		4D778FBF1A93EEE300A1F48E /* ViewController.m in Sources */ = {isa = PBXBuildFile; fileRef = 4D778FBE1A93EEE300A1F48E /* ViewController.m */; };
		4D778FC21A93EEE300A1F48E /* Main.storyboard in Resources */ = {isa = PBXBuildFile; fileRef = 4D778FC01A93EEE300A1F48E /* Main.storyboard */; };
		4D778FC41A93EEE300A1F48E /* Images.xcassets in Resources */ = {isa = PBXBuildFile; fileRef = 4D778FC31A93EEE300A1F48E /* Images.xcassets */; };
		4D778FC71A93EEE300A1F48E /* LaunchScreen.xib in Resources */ = {isa = PBXBuildFile; fileRef = 4D778FC51A93EEE300A1F48E /* LaunchScreen.xib */; };
		4D778FD31A93EEE300A1F48E /* ShufflePuzzleTests.m in Sources */ = {isa = PBXBuildFile; fileRef = 4D778FD21A93EEE300A1F48E /* ShufflePuzzleTests.m */; };
		4D778FEF1A940D1D00A1F48E /* restartbutton.png in Resources */ = {isa = PBXBuildFile; fileRef = 4D778FEE1A940D1D00A1F48E /* restartbutton.png */; };
		4DC2AF301A94234A00966130 /* ShuffleBrain.m in Sources */ = {isa = PBXBuildFile; fileRef = 4DC2AF2F1A94234A00966130 /* ShuffleBrain.m */; };
/* End PBXBuildFile section */

/* Begin PBXContainerItemProxy section */
		4D778FCD1A93EEE300A1F48E /* PBXContainerItemProxy */ = {
			isa = PBXContainerItemProxy;
			containerPortal = 4D778FAB1A93EEE300A1F48E /* Project object */;
			proxyType = 1;
			remoteGlobalIDString = 4D778FB21A93EEE300A1F48E;
			remoteInfo = ShufflePuzzle;
		};
/* End PBXContainerItemProxy section */

/* Begin PBXFileReference section */
		4D6A46771A9AE8A8007F6697 /* arrow.png */ = {isa = PBXFileReference; lastKnownFileType = image.png; path = arrow.png; sourceTree = "<group>"; };
		4D778FB31A93EEE300A1F48E /* ShufflePuzzle.app */ = {isa = PBXFileReference; explicitFileType = wrapper.application; includeInIndex = 0; path = ShufflePuzzle.app; sourceTree = BUILT_PRODUCTS_DIR; };
		4D778FB71A93EEE300A1F48E /* Info.plist */ = {isa = PBXFileReference; lastKnownFileType = text.plist.xml; path = Info.plist; sourceTree = "<group>"; };
		4D778FB81A93EEE300A1F48E /* main.m */ = {isa = PBXFileReference; lastKnownFileType = sourcecode.c.objc; path = main.m; sourceTree = "<group>"; };
		4D778FBA1A93EEE300A1F48E /* AppDelegate.h */ = {isa = PBXFileReference; lastKnownFileType = sourcecode.c.h; path = AppDelegate.h; sourceTree = "<group>"; };
		4D778FBB1A93EEE300A1F48E /* AppDelegate.m */ = {isa = PBXFileReference; lastKnownFileType = sourcecode.c.objc; path = AppDelegate.m; sourceTree = "<group>"; };
		4D778FBD1A93EEE300A1F48E /* ViewController.h */ = {isa = PBXFileReference; lastKnownFileType = sourcecode.c.h; path = ViewController.h; sourceTree = "<group>"; };
		4D778FBE1A93EEE300A1F48E /* ViewController.m */ = {isa = PBXFileReference; lastKnownFileType = sourcecode.c.objc; path = ViewController.m; sourceTree = "<group>"; };
		4D778FC11A93EEE300A1F48E /* Base */ = {isa = PBXFileReference; lastKnownFileType = file.storyboard; name = Base; path = Base.lproj/Main.storyboard; sourceTree = "<group>"; };
		4D778FC31A93EEE300A1F48E /* Images.xcassets */ = {isa = PBXFileReference; lastKnownFileType = folder.assetcatalog; path = Images.xcassets; sourceTree = "<group>"; };
		4D778FC61A93EEE300A1F48E /* Base */ = {isa = PBXFileReference; lastKnownFileType = file.xib; name = Base; path = Base.lproj/LaunchScreen.xib; sourceTree = "<group>"; };
		4D778FCC1A93EEE300A1F48E /* ShufflePuzzleTests.xctest */ = {isa = PBXFileReference; explicitFileType = wrapper.cfbundle; includeInIndex = 0; path = ShufflePuzzleTests.xctest; sourceTree = BUILT_PRODUCTS_DIR; };
		4D778FD11A93EEE300A1F48E /* Info.plist */ = {isa = PBXFileReference; lastKnownFileType = text.plist.xml; path = Info.plist; sourceTree = "<group>"; };
		4D778FD21A93EEE300A1F48E /* ShufflePuzzleTests.m */ = {isa = PBXFileReference; lastKnownFileType = sourcecode.c.objc; path = ShufflePuzzleTests.m; sourceTree = "<group>"; };
		4D778FEE1A940D1D00A1F48E /* restartbutton.png */ = {isa = PBXFileReference; lastKnownFileType = image.png; path = restartbutton.png; sourceTree = "<group>"; };
		4DC2AF2E1A94234A00966130 /* ShuffleBrain.h */ = {isa = PBXFileReference; fileEncoding = 4; lastKnownFileType = sourcecode.c.h; path = ShuffleBrain.h; sourceTree = "<group>"; };
		4DC2AF2F1A94234A00966130 /* ShuffleBrain.m */ = {isa = PBXFileReference; fileEncoding = 4; lastKnownFileType = sourcecode.c.objc; path = ShuffleBrain.m; sourceTree = "<group>"; };
/* End PBXFileReference section */

/* Begin PBXFrameworksBuildPhase section */
		4D778FB01A93EEE300A1F48E /* Frameworks */ = {
			isa = PBXFrameworksBuildPhase;
			buildActionMask = 2147483647;
			files = (
			);
			runOnlyForDeploymentPostprocessing = 0;
		};
		4D778FC91A93EEE300A1F48E /* Frameworks */ = {
			isa = PBXFrameworksBuildPhase;
			buildActionMask = 2147483647;
			files = (
			);
			runOnlyForDeploymentPostprocessing = 0;
		};
/* End PBXFrameworksBuildPhase section */

/* Begin PBXGroup section */
		4D778FAA1A93EEE300A1F48E = {
			isa = PBXGroup;
			children = (
				4D778FB51A93EEE300A1F48E /* ShufflePuzzle */,
				4D778FCF1A93EEE300A1F48E /* ShufflePuzzleTests */,
				4D778FB41A93EEE300A1F48E /* Products */,
			);
			sourceTree = "<group>";
		};
		4D778FB41A93EEE300A1F48E /* Products */ = {
			isa = PBXGroup;
			children = (
				4D778FB31A93EEE300A1F48E /* ShufflePuzzle.app */,
				4D778FCC1A93EEE300A1F48E /* ShufflePuzzleTests.xctest */,
			);
			name = Products;
			sourceTree = "<group>";
		};
		4D778FB51A93EEE300A1F48E /* ShufflePuzzle */ = {
			isa = PBXGroup;
			children = (
				4D778FBA1A93EEE300A1F48E /* AppDelegate.h */,
				4D778FBB1A93EEE300A1F48E /* AppDelegate.m */,
				4D778FBD1A93EEE300A1F48E /* ViewController.h */,
				4D778FBE1A93EEE300A1F48E /* ViewController.m */,
				4DC2AF2E1A94234A00966130 /* ShuffleBrain.h */,
				4DC2AF2F1A94234A00966130 /* ShuffleBrain.m */,
				4D778FC01A93EEE300A1F48E /* Main.storyboard */,
				4D778FC31A93EEE300A1F48E /* Images.xcassets */,
				4D778FC51A93EEE300A1F48E /* LaunchScreen.xib */,
				4D778FB61A93EEE300A1F48E /* Supporting Files */,
			);
			path = ShufflePuzzle;
			sourceTree = "<group>";
		};
		4D778FB61A93EEE300A1F48E /* Supporting Files */ = {
			isa = PBXGroup;
			children = (
				4D778FEE1A940D1D00A1F48E /* restartbutton.png */,
				4D6A46771A9AE8A8007F6697 /* arrow.png */,
				4D778FB71A93EEE300A1F48E /* Info.plist */,
				4D778FB81A93EEE300A1F48E /* main.m */,
			);
			name = "Supporting Files";
			sourceTree = "<group>";
			tabWidth = 4;
		};
		4D778FCF1A93EEE300A1F48E /* ShufflePuzzleTests */ = {
			isa = PBXGroup;
			children = (
				4D778FD21A93EEE300A1F48E /* ShufflePuzzleTests.m */,
				4D778FD01A93EEE300A1F48E /* Supporting Files */,
			);
			path = ShufflePuzzleTests;
			sourceTree = "<group>";
		};
		4D778FD01A93EEE300A1F48E /* Supporting Files */ = {
			isa = PBXGroup;
			children = (
				4D778FD11A93EEE300A1F48E /* Info.plist */,
			);
			name = "Supporting Files";
			sourceTree = "<group>";
		};
/* End PBXGroup section */

/* Begin PBXNativeTarget section */
		4D778FB21A93EEE300A1F48E /* ShufflePuzzle */ = {
			isa = PBXNativeTarget;
			buildConfigurationList = 4D778FD61A93EEE300A1F48E /* Build configuration list for PBXNativeTarget "ShufflePuzzle" */;
			buildPhases = (
				4D778FAF1A93EEE300A1F48E /* Sources */,
				4D778FB01A93EEE300A1F48E /* Frameworks */,
				4D778FB11A93EEE300A1F48E /* Resources */,
			);
			buildRules = (
			);
			dependencies = (
			);
			name = ShufflePuzzle;
			productName = ShufflePuzzle;
			productReference = 4D778FB31A93EEE300A1F48E /* ShufflePuzzle.app */;
			productType = "com.apple.product-type.application";
		};
		4D778FCB1A93EEE300A1F48E /* ShufflePuzzleTests */ = {
			isa = PBXNativeTarget;
			buildConfigurationList = 4D778FD91A93EEE300A1F48E /* Build configuration list for PBXNativeTarget "ShufflePuzzleTests" */;
			buildPhases = (
				4D778FC81A93EEE300A1F48E /* Sources */,
				4D778FC91A93EEE300A1F48E /* Frameworks */,
				4D778FCA1A93EEE300A1F48E /* Resources */,
			);
			buildRules = (
			);
			dependencies = (
				4D778FCE1A93EEE300A1F48E /* PBXTargetDependency */,
			);
			name = ShufflePuzzleTests;
			productName = ShufflePuzzleTests;
			productReference = 4D778FCC1A93EEE300A1F48E /* ShufflePuzzleTests.xctest */;
			productType = "com.apple.product-type.bundle.unit-test";
		};
/* End PBXNativeTarget section */

/* Begin PBXProject section */
		4D778FAB1A93EEE300A1F48E /* Project object */ = {
			isa = PBXProject;
			attributes = {
				LastUpgradeCheck = 0610;
				ORGANIZATIONNAME = "Riley Fewell";
				TargetAttributes = {
					4D778FB21A93EEE300A1F48E = {
						CreatedOnToolsVersion = 6.1.1;
					};
					4D778FCB1A93EEE300A1F48E = {
						CreatedOnToolsVersion = 6.1.1;
						TestTargetID = 4D778FB21A93EEE300A1F48E;
					};
				};
			};
			buildConfigurationList = 4D778FAE1A93EEE300A1F48E /* Build configuration list for PBXProject "ShufflePuzzle" */;
			compatibilityVersion = "Xcode 3.2";
			developmentRegion = English;
			hasScannedForEncodings = 0;
			knownRegions = (
				en,
				Base,
			);
			mainGroup = 4D778FAA1A93EEE300A1F48E;
			productRefGroup = 4D778FB41A93EEE300A1F48E /* Products */;
			projectDirPath = "";
			projectRoot = "";
			targets = (
				4D778FB21A93EEE300A1F48E /* ShufflePuzzle */,
				4D778FCB1A93EEE300A1F48E /* ShufflePuzzleTests */,
			);
		};
/* End PBXProject section */

/* Begin PBXResourcesBuildPhase section */
		4D778FB11A93EEE300A1F48E /* Resources */ = {
			isa = PBXResourcesBuildPhase;
			buildActionMask = 2147483647;
			files = (
				4D778FC21A93EEE300A1F48E /* Main.storyboard in Resources */,
				4D778FEF1A940D1D00A1F48E /* restartbutton.png in Resources */,
				4D778FC71A93EEE300A1F48E /* LaunchScreen.xib in Resources */,
				4D6A46781A9AE8A8007F6697 /* arrow.png in Resources */,
				4D778FC41A93EEE300A1F48E /* Images.xcassets in Resources */,
			);
			runOnlyForDeploymentPostprocessing = 0;
		};
		4D778FCA1A93EEE300A1F48E /* Resources */ = {
			isa = PBXResourcesBuildPhase;
			buildActionMask = 2147483647;
			files = (
			);
			runOnlyForDeploymentPostprocessing = 0;
		};
/* End PBXResourcesBuildPhase section */

/* Begin PBXSourcesBuildPhase section */
		4D778FAF1A93EEE300A1F48E /* Sources */ = {
			isa = PBXSourcesBuildPhase;
			buildActionMask = 2147483647;
			files = (
				4D778FBF1A93EEE300A1F48E /* ViewController.m in Sources */,
				4D778FBC1A93EEE300A1F48E /* AppDelegate.m in Sources */,
				4DC2AF301A94234A00966130 /* ShuffleBrain.m in Sources */,
				4D778FB91A93EEE300A1F48E /* main.m in Sources */,
			);
			runOnlyForDeploymentPostprocessing = 0;
		};
		4D778FC81A93EEE300A1F48E /* Sources */ = {
			isa = PBXSourcesBuildPhase;
			buildActionMask = 2147483647;
			files = (
				4D778FD31A93EEE300A1F48E /* ShufflePuzzleTests.m in Sources */,
			);
			runOnlyForDeploymentPostprocessing = 0;
		};
/* End PBXSourcesBuildPhase section */

/* Begin PBXTargetDependency section */
		4D778FCE1A93EEE300A1F48E /* PBXTargetDependency */ = {
			isa = PBXTargetDependency;
			target = 4D778FB21A93EEE300A1F48E /* ShufflePuzzle */;
			targetProxy = 4D778FCD1A93EEE300A1F48E /* PBXContainerItemProxy */;
		};
/* End PBXTargetDependency section */

/* Begin PBXVariantGroup section */
		4D778FC01A93EEE300A1F48E /* Main.storyboard */ = {
			isa = PBXVariantGroup;
			children = (
				4D778FC11A93EEE300A1F48E /* Base */,
			);
			name = Main.storyboard;
			sourceTree = "<group>";
		};
		4D778FC51A93EEE300A1F48E /* LaunchScreen.xib */ = {
			isa = PBXVariantGroup;
			children = (
				4D778FC61A93EEE300A1F48E /* Base */,
			);
			name = LaunchScreen.xib;
			sourceTree = "<group>";
		};
/* End PBXVariantGroup section */

/* Begin XCBuildConfiguration section */
		4D778FD41A93EEE300A1F48E /* Debug */ = {
			isa = XCBuildConfiguration;
			buildSettings = {
				ALWAYS_SEARCH_USER_PATHS = NO;
				CLANG_CXX_LANGUAGE_STANDARD = "gnu++0x";
				CLANG_CXX_LIBRARY = "libc++";
				CLANG_ENABLE_MODULES = YES;
				CLANG_ENABLE_OBJC_ARC = YES;
				CLANG_WARN_BOOL_CONVERSION = YES;
				CLANG_WARN_CONSTANT_CONVERSION = YES;
				CLANG_WARN_DIRECT_OBJC_ISA_USAGE = YES_ERROR;
				CLANG_WARN_EMPTY_BODY = YES;
				CLANG_WARN_ENUM_CONVERSION = YES;
				CLANG_WARN_INT_CONVERSION = YES;
				CLANG_WARN_OBJC_ROOT_CLASS = YES_ERROR;
				CLANG_WARN_UNREACHABLE_CODE = YES;
				CLANG_WARN__DUPLICATE_METHOD_MATCH = YES;
				"CODE_SIGN_IDENTITY[sdk=iphoneos*]" = "iPhone Developer";
				COPY_PHASE_STRIP = NO;
				ENABLE_STRICT_OBJC_MSGSEND = YES;
				GCC_C_LANGUAGE_STANDARD = gnu99;
				GCC_DYNAMIC_NO_PIC = NO;
				GCC_OPTIMIZATION_LEVEL = 0;
				GCC_PREPROCESSOR_DEFINITIONS = (
					"DEBUG=1",
					"$(inherited)",
				);
				GCC_SYMBOLS_PRIVATE_EXTERN = NO;
				GCC_WARN_64_TO_32_BIT_CONVERSION = YES;
				GCC_WARN_ABOUT_RETURN_TYPE = YES_ERROR;
				GCC_WARN_UNDECLARED_SELECTOR = YES;
				GCC_WARN_UNINITIALIZED_AUTOS = YES_AGGRESSIVE;
				GCC_WARN_UNUSED_FUNCTION = YES;
				GCC_WARN_UNUSED_VARIABLE = YES;
				IPHONEOS_DEPLOYMENT_TARGET = 8.1;
				MTL_ENABLE_DEBUG_INFO = YES;
				ONLY_ACTIVE_ARCH = YES;
				SDKROOT = iphoneos;
				TARGETED_DEVICE_FAMILY = "1,2";
			};
			name = Debug;
		};
		4D778FD51A93EEE300A1F48E /* Release */ = {
			isa = XCBuildConfiguration;
			buildSettings = {
				ALWAYS_SEARCH_USER_PATHS = NO;
				CLANG_CXX_LANGUAGE_STANDARD = "gnu++0x";
				CLANG_CXX_LIBRARY = "libc++";
				CLANG_ENABLE_MODULES = YES;
				CLANG_ENABLE_OBJC_ARC = YES;
				CLANG_WARN_BOOL_CONVERSION = YES;
				CLANG_WARN_CONSTANT_CONVERSION = YES;
				CLANG_WARN_DIRECT_OBJC_ISA_USAGE = YES_ERROR;
				CLANG_WARN_EMPTY_BODY = YES;
				CLANG_WARN_ENUM_CONVERSION = YES;
				CLANG_WARN_INT_CONVERSION = YES;
				CLANG_WARN_OBJC_ROOT_CLASS = YES_ERROR;
				CLANG_WARN_UNREACHABLE_CODE = YES;
				CLANG_WARN__DUPLICATE_METHOD_MATCH = YES;
				"CODE_SIGN_IDENTITY[sdk=iphoneos*]" = "iPhone Developer";
				COPY_PHASE_STRIP = YES;
				ENABLE_NS_ASSERTIONS = NO;
				ENABLE_STRICT_OBJC_MSGSEND = YES;
				GCC_C_LANGUAGE_STANDARD = gnu99;
				GCC_WARN_64_TO_32_BIT_CONVERSION = YES;
				GCC_WARN_ABOUT_RETURN_TYPE = YES_ERROR;
				GCC_WARN_UNDECLARED_SELECTOR = YES;
				GCC_WARN_UNINITIALIZED_AUTOS = YES_AGGRESSIVE;
				GCC_WARN_UNUSED_FUNCTION = YES;
				GCC_WARN_UNUSED_VARIABLE = YES;
				IPHONEOS_DEPLOYMENT_TARGET = 8.1;
				MTL_ENABLE_DEBUG_INFO = NO;
				SDKROOT = iphoneos;
				TARGETED_DEVICE_FAMILY = "1,2";
				VALIDATE_PRODUCT = YES;
			};
			name = Release;
		};
		4D778FD71A93EEE300A1F48E /* Debug */ = {
			isa = XCBuildConfiguration;
			buildSettings = {
				ASSETCATALOG_COMPILER_APPICON_NAME = AppIcon;
				INFOPLIST_FILE = ShufflePuzzle/Info.plist;
				LD_RUNPATH_SEARCH_PATHS = "$(inherited) @executable_path/Frameworks";
				PRODUCT_NAME = "$(TARGET_NAME)";
			};
			name = Debug;
		};
		4D778FD81A93EEE300A1F48E /* Release */ = {
			isa = XCBuildConfiguration;
			buildSettings = {
				ASSETCATALOG_COMPILER_APPICON_NAME = AppIcon;
				INFOPLIST_FILE = ShufflePuzzle/Info.plist;
				LD_RUNPATH_SEARCH_PATHS = "$(inherited) @executable_path/Frameworks";
				PRODUCT_NAME = "$(TARGET_NAME)";
			};
			name = Release;
		};
		4D778FDA1A93EEE300A1F48E /* Debug */ = {
			isa = XCBuildConfiguration;
			buildSettings = {
				BUNDLE_LOADER = "$(TEST_HOST)";
				FRAMEWORK_SEARCH_PATHS = (
					"$(SDKROOT)/Developer/Library/Frameworks",
					"$(inherited)",
				);
				GCC_PREPROCESSOR_DEFINITIONS = (
					"DEBUG=1",
					"$(inherited)",
				);
				INFOPLIST_FILE = ShufflePuzzleTests/Info.plist;
				LD_RUNPATH_SEARCH_PATHS = "$(inherited) @executable_path/Frameworks @loader_path/Frameworks";
				PRODUCT_NAME = "$(TARGET_NAME)";
				TEST_HOST = "$(BUILT_PRODUCTS_DIR)/ShufflePuzzle.app/ShufflePuzzle";
			};
			name = Debug;
		};
		4D778FDB1A93EEE300A1F48E /* Release */ = {
			isa = XCBuildConfiguration;
			buildSettings = {
				BUNDLE_LOADER = "$(TEST_HOST)";
				FRAMEWORK_SEARCH_PATHS = (
					"$(SDKROOT)/Developer/Library/Frameworks",
					"$(inherited)",
				);
				INFOPLIST_FILE = ShufflePuzzleTests/Info.plist;
				LD_RUNPATH_SEARCH_PATHS = "$(inherited) @executable_path/Frameworks @loader_path/Frameworks";
				PRODUCT_NAME = "$(TARGET_NAME)";
				TEST_HOST = "$(BUILT_PRODUCTS_DIR)/ShufflePuzzle.app/ShufflePuzzle";
			};
			name = Release;
		};
/* End XCBuildConfiguration section */

/* Begin XCConfigurationList section */
		4D778FAE1A93EEE300A1F48E /* Build configuration list for PBXProject "ShufflePuzzle" */ = {
			isa = XCConfigurationList;
			buildConfigurations = (
				4D778FD41A93EEE300A1F48E /* Debug */,
				4D778FD51A93EEE300A1F48E /* Release */,
			);
			defaultConfigurationIsVisible = 0;
			defaultConfigurationName = Release;
		};
		4D778FD61A93EEE300A1F48E /* Build configuration list for PBXNativeTarget "ShufflePuzzle" */ = {
			isa = XCConfigurationList;
			buildConfigurations = (
				4D778FD71A93EEE300A1F48E /* Debug */,
				4D778FD81A93EEE300A1F48E /* Release */,
			);
			defaultConfigurationIsVisible = 0;
			defaultConfigurationName = Release;
		};
		4D778FD91A93EEE300A1F48E /* Build configuration list for PBXNativeTarget "ShufflePuzzleTests" */ = {
			isa = XCConfigurationList;
			buildConfigurations = (
				4D778FDA1A93EEE300A1F48E /* Debug */,
				4D778FDB1A93EEE300A1F48E /* Release */,
			);
			defaultConfigurationIsVisible = 0;
			defaultConfigurationName = Release;
		};
/* End XCConfigurationList section */
	};
	rootObject = 4D778FAB1A93EEE300A1F48E /* Project object */;
}
